{
  "nodes": {
    "nixpkgs": {
      "locked": {
        "lastModified": 1779508470,
        "narHash": "sha256-Ap9KJX+5xHIn3bPIpfNgT6MEXdAECECwo4/rmlQD74M=",
        "owner": "nixos",
        "repo": "nixpkgs",
        "rev": "29916453413845e54a65b8a1cf996842300cd299",
        "type": "github"
      },
      "original": {
        "owner": "nixos",
        "ref": "nixos-unstable",
        "repo": "nixpkgs",
        "type": "github"
      }
    },
    "registry": {
      "flake": false,
      "locked": {
        "lastModified": 1779579318,
        "narHash": "sha256-OiRdEMZD/pY0iFpaNIp5hbNQErT3o4DL4mA1qfG/ZVI=",
        "owner": "opentofu",
        "repo": "registry",
        "rev": "7b7d6f8d0669df48a746986269fe96b07c1c7e6b",
        "type": "github"
      },
      "original": {
        "owner": "opentofu",
        "repo": "registry",
        "type": "github"
      }
    },
    "root": {
      "inputs": {
        "nixpkgs": "nixpkgs",
        "registry": "registry"
      }
    }
  },
  "root": "root",
  "version": 7
}
