{
  "nodes": {
    "nixpkgs": {
      "locked": {
        "lastModified": 1722062969,
        "narHash": "sha256-QOS0ykELUmPbrrUGmegAUlpmUFznDQeR4q7rFhl8eQg=",
        "owner": "nixos",
        "repo": "nixpkgs",
        "rev": "b73c2221a46c13557b1b3be9c2070cc42cf01eb3",
        "type": "github"
      },
      "original": {
        "owner": "nixos",
        "ref": "nixos-unstable",
        "repo": "nixpkgs",
        "type": "github"
      }
    },
    "registry": {
      "flake": false,
      "locked": {
        "lastModified": 1722122469,
        "narHash": "sha256-0YudzW3I24oNT50VuV2lupQ73L2wA3rWjmN5A5bPXrE=",
        "owner": "opentofu",
        "repo": "registry",
        "rev": "5aee92350223b250cc957d92631b3450ec28e6a9",
        "type": "github"
      },
      "original": {
        "owner": "opentofu",
        "repo": "registry",
        "type": "github"
      }
    },
    "root": {
      "inputs": {
        "nixpkgs": "nixpkgs",
        "registry": "registry"
      }
    }
  },
  "root": "root",
  "version": 7
}
